
Microsoft Visual Studio Solution File, Format Version 11.00
# Visual Studio 2010
Project("{FAE04EC0-301F-11D3-BF4B-00C04F79EFBC}") = "Assembly-CSharp", "Assembly-CSharp.csproj", "{CF1506EE-79EF-949C-C0A0-A175E07A3DDE}"
EndProject
Project("{FAE04EC0-301F-11D3-BF4B-00C04F79EFBC}") = "Assembly-CSharp-Editor", "Assembly-CSharp-Editor.csproj", "{892A9A69-8B7B-8A8D-9E39-0E1020AB3C07}"
EndProject
Global
	GlobalSection(SolutionConfigurationPlatforms) = preSolution
		Debug|Any CPU = Debug|Any CPU
		Release|Any CPU = Release|Any CPU
	EndGlobalSection
	GlobalSection(ProjectConfigurationPlatforms) = postSolution
		{CF1506EE-79EF-949C-C0A0-A175E07A3DDE}.Debug|Any CPU.ActiveCfg = Debug|Any CPU
		{CF1506EE-79EF-949C-C0A0-A175E07A3DDE}.Debug|Any CPU.Build.0 = Debug|Any CPU
		{CF1506EE-79EF-949C-C0A0-A175E07A3DDE}.Release|Any CPU.ActiveCfg = Release|Any CPU
		{CF1506EE-79EF-949C-C0A0-A175E07A3DDE}.Release|Any CPU.Build.0 = Release|Any CPU
		{892A9A69-8B7B-8A8D-9E39-0E1020AB3C07}.Debug|Any CPU.ActiveCfg = Debug|Any CPU
		{892A9A69-8B7B-8A8D-9E39-0E1020AB3C07}.Debug|Any CPU.Build.0 = Debug|Any CPU
		{892A9A69-8B7B-8A8D-9E39-0E1020AB3C07}.Release|Any CPU.ActiveCfg = Release|Any CPU
		{892A9A69-8B7B-8A8D-9E39-0E1020AB3C07}.Release|Any CPU.Build.0 = Release|Any CPU
	EndGlobalSection
	GlobalSection(SolutionProperties) = preSolution
		HideSolutionNode = FALSE
	EndGlobalSection
EndGlobal
